
Microsoft Visual Studio Solution File, Format Version 12.00
# Visual Studio 15
VisualStudioVersion = 15.0.27004.2005
MinimumVisualStudioVersion = 10.0.40219.1
Project("{FAE04EC0-301F-11D3-BF4B-00C04F79EFBC}") = "AutoTest", "AutoTest\AutoTest.csproj", "{AFC68446-8673-4AAD-837F-15C3A6F4512D}"
EndProject
Project("{E24C65DC-7377-472B-9ABA-BC803B73C61A}") = "WebCalc", "WebCalc\", "{5B7D34CE-6E50-4088-862B-21300D28BE26}"
	ProjectSection(WebsiteProperties) = preProject
		TargetFrameworkMoniker = ".NETFramework,Version%3Dv4.6.1"
		Debug.AspNetCompiler.VirtualPath = "/localhost_50353"
		Debug.AspNetCompiler.PhysicalPath = "WebCalc\"
		Debug.AspNetCompiler.TargetPath = "PrecompiledWeb\localhost_50353\"
		Debug.AspNetCompiler.Updateable = "true"
		Debug.AspNetCompiler.ForceOverwrite = "true"
		Debug.AspNetCompiler.FixedNames = "false"
		Debug.AspNetCompiler.Debug = "True"
		Release.AspNetCompiler.VirtualPath = "/localhost_50353"
		Release.AspNetCompiler.PhysicalPath = "WebCalc\"
		Release.AspNetCompiler.TargetPath = "PrecompiledWeb\localhost_50353\"
		Release.AspNetCompiler.Updateable = "true"
		Release.AspNetCompiler.ForceOverwrite = "true"
		Release.AspNetCompiler.FixedNames = "false"
		Release.AspNetCompiler.Debug = "False"
		VWDPort = "50353"
		SlnRelativePath = "WebCalc\"
		DefaultWebSiteLanguage = "Visual C#"
	EndProjectSection
EndProject
Global
	GlobalSection(SolutionConfigurationPlatforms) = preSolution
		Debug|Any CPU = Debug|Any CPU
		Release|Any CPU = Release|Any CPU
	EndGlobalSection
	GlobalSection(ProjectConfigurationPlatforms) = postSolution
		{AFC68446-8673-4AAD-837F-15C3A6F4512D}.Debug|Any CPU.ActiveCfg = Debug|Any CPU
		{AFC68446-8673-4AAD-837F-15C3A6F4512D}.Debug|Any CPU.Build.0 = Debug|Any CPU
		{AFC68446-8673-4AAD-837F-15C3A6F4512D}.Release|Any CPU.ActiveCfg = Release|Any CPU
		{AFC68446-8673-4AAD-837F-15C3A6F4512D}.Release|Any CPU.Build.0 = Release|Any CPU
		{5B7D34CE-6E50-4088-862B-21300D28BE26}.Debug|Any CPU.ActiveCfg = Debug|Any CPU
		{5B7D34CE-6E50-4088-862B-21300D28BE26}.Debug|Any CPU.Build.0 = Debug|Any CPU
		{5B7D34CE-6E50-4088-862B-21300D28BE26}.Release|Any CPU.ActiveCfg = Debug|Any CPU
		{5B7D34CE-6E50-4088-862B-21300D28BE26}.Release|Any CPU.Build.0 = Debug|Any CPU
	EndGlobalSection
	GlobalSection(SolutionProperties) = preSolution
		HideSolutionNode = FALSE
	EndGlobalSection
	GlobalSection(ExtensibilityGlobals) = postSolution
		SolutionGuid = {8422F20A-6912-4D27-A852-89558F30F060}
	EndGlobalSection
EndGlobal
